{
  "name": "musicbox",
  "lockfileVersion": 3,
  "requires": true,
  "packages": {
    "": {
      "dependencies": {
        "migrate-js": "^0.0.8"
      }
    },
    "node_modules/migrate-js": {
      "version": "0.0.8",
      "resolved": "https://registry.npmjs.org/migrate-js/-/migrate-js-0.0.8.tgz",
      "integrity": "sha512-Ugjy0R8fe1bSY/c9JpgrBO1jZz5+3eTqggfrZYq/Cf803Pe58B+Mm2O81cUAPE6V+mzXXQdxAtE31jSNs3yCIQ==",
      "license": "MIT",
      "dependencies": {
        "migrate-js": "^0.0.7"
      },
      "bin": {
        "migrate-js": "bin/migrate-js"
      },
      "engines": {
        "node": ">= 4.3.2"
      }
    },
    "node_modules/migrate-js/node_modules/migrate-js": {
      "version": "0.0.7",
      "resolved": "https://registry.npmjs.org/migrate-js/-/migrate-js-0.0.7.tgz",
      "integrity": "sha512-5nc7/evbSQZzD89YRZqpV8Hvn3kQO4xtlBg9x0VY8qQTBslwRoNvU3SwXniwCtRQGOkK31Yn6Na7wK5zOLyTJw==",
      "license": "MIT",
      "bin": {
        "migrate-js": "bin/migrate-js"
      },
      "engines": {
        "node": ">= 4.3.2"
      }
    }
  }
}
